{
  "name": "WEB422A4",
  "lockfileVersion": 2,
  "requires": true,
  "packages": {
    "": {
      "devDependencies": {
        "@types/spotify-api": "^0.0.16"
      }
    },
    "node_modules/@types/spotify-api": {
      "version": "0.0.16",
      "resolved": "https://registry.npmjs.org/@types/spotify-api/-/spotify-api-0.0.16.tgz",
      "integrity": "sha512-5tzZ8cJe2Wv5zjhBLXi7gJObp/kzuG10FwMKPqNtmG9HFWlXKvqBhd0Z+T5Oa0yhkSX1u8Y+bBUhUEPmZpGpDQ==",
      "dev": true
    }
  },
  "dependencies": {
    "@types/spotify-api": {
      "version": "0.0.16",
      "resolved": "https://registry.npmjs.org/@types/spotify-api/-/spotify-api-0.0.16.tgz",
      "integrity": "sha512-5tzZ8cJe2Wv5zjhBLXi7gJObp/kzuG10FwMKPqNtmG9HFWlXKvqBhd0Z+T5Oa0yhkSX1u8Y+bBUhUEPmZpGpDQ==",
      "dev": true
    }
  }
}
